{
  "name": "clirunner",
  "version": "1.0.0",
  "lockfileVersion": 2,
  "requires": true,
  "packages": {
    "": {
      "name": "clirunner",
      "version": "1.0.0",
      "license": "ISC",
      "dependencies": {
        "meriyah": "^4.3.5"
      },
      "devDependencies": {
        "@types/node": "^16.18.11"
      }
    },
    "node_modules/@types/node": {
      "version": "16.18.11",
      "resolved": "https://registry.npmjs.org/@types/node/-/node-16.18.11.tgz",
      "integrity": "sha512-3oJbGBUWuS6ahSnEq1eN2XrCyf4YsWI8OyCvo7c64zQJNplk3mO84t53o8lfTk+2ji59g5ycfc6qQ3fdHliHuA==",
      "dev": true
    },
    "node_modules/meriyah": {
      "version": "4.3.5",
      "resolved": "https://registry.npmjs.org/meriyah/-/meriyah-4.3.5.tgz",
      "integrity": "sha512-oCOuzPtD4udAYnvxIi4Rp99nEHJWHtAFHEFmS27hQuDNjxTQ39Z/hQ9uWW+ZgJjCmpi0nRo7wwciT7rtQE31Bw==",
      "engines": {
        "node": ">=10.4.0"
      }
    }
  },
  "dependencies": {
    "@types/node": {
      "version": "16.18.11",
      "resolved": "https://registry.npmjs.org/@types/node/-/node-16.18.11.tgz",
      "integrity": "sha512-3oJbGBUWuS6ahSnEq1eN2XrCyf4YsWI8OyCvo7c64zQJNplk3mO84t53o8lfTk+2ji59g5ycfc6qQ3fdHliHuA==",
      "dev": true
    },
    "meriyah": {
      "version": "4.3.5",
      "resolved": "https://registry.npmjs.org/meriyah/-/meriyah-4.3.5.tgz",
      "integrity": "sha512-oCOuzPtD4udAYnvxIi4Rp99nEHJWHtAFHEFmS27hQuDNjxTQ39Z/hQ9uWW+ZgJjCmpi0nRo7wwciT7rtQE31Bw=="
    }
  }
}
